
Microsoft Visual Studio Solution File, Format Version 12.00
# Visual Studio Version 17
VisualStudioVersion = 17.5.002.0
MinimumVisualStudioVersion = 10.0.40219.1
Project("{9A19103F-16F7-4668-BE54-9A1E7A4F7556}") = "MyMvcApp", "MyMvcApp\MyMvcApp.csproj", "{FEAE609B-3302-4C50-91E2-984F849F81DF}"
EndProject
Global
	GlobalSection(SolutionConfigurationPlatforms) = preSolution
		Debug|Any CPU = Debug|Any CPU
		Release|Any CPU = Release|Any CPU
	EndGlobalSection
	GlobalSection(ProjectConfigurationPlatforms) = postSolution
		{FEAE609B-3302-4C50-91E2-984F849F81DF}.Debug|Any CPU.ActiveCfg = Debug|Any CPU
		{FEAE609B-3302-4C50-91E2-984F849F81DF}.Debug|Any CPU.Build.0 = Debug|Any CPU
		{FEAE609B-3302-4C50-91E2-984F849F81DF}.Release|Any CPU.ActiveCfg = Release|Any CPU
		{FEAE609B-3302-4C50-91E2-984F849F81DF}.Release|Any CPU.Build.0 = Release|Any CPU
	EndGlobalSection
	GlobalSection(SolutionProperties) = preSolution
		HideSolutionNode = FALSE
	EndGlobalSection
	GlobalSection(ExtensibilityGlobals) = postSolution
		SolutionGuid = {1716B19A-5665-42E9-8467-92B7CEB2DBC5}
	EndGlobalSection
EndGlobal
